
Microsoft Visual Studio Solution File, Format Version 12.00
# Visual Studio 15
Project("{FAE04EC0-301F-11D3-BF4B-00C04F79EFBC}") = "lab07_01", "lab07_01\lab07_01.csproj", "{35BBA83F-56FA-4C7B-AD2E-2A7E94FAE0BB}"
EndProject
Global
	GlobalSection(SolutionConfigurationPlatforms) = preSolution
		Debug|Any CPU = Debug|Any CPU
		Release|Any CPU = Release|Any CPU
	EndGlobalSection
	GlobalSection(ProjectConfigurationPlatforms) = postSolution
		{35BBA83F-56FA-4C7B-AD2E-2A7E94FAE0BB}.Debug|Any CPU.ActiveCfg = Debug|Any CPU
		{35BBA83F-56FA-4C7B-AD2E-2A7E94FAE0BB}.Debug|Any CPU.Build.0 = Debug|Any CPU
		{35BBA83F-56FA-4C7B-AD2E-2A7E94FAE0BB}.Release|Any CPU.ActiveCfg = Release|Any CPU
		{35BBA83F-56FA-4C7B-AD2E-2A7E94FAE0BB}.Release|Any CPU.Build.0 = Release|Any CPU
	EndGlobalSection
EndGlobal
